// !$*UTF8*$!
{
	archiveVersion = 1;
	classes = {
	};
	objectVersion = 48;
	objects = {

/* Begin PBXBuildFile section */
		8708223F21443BB400DD504C /* IMG_4772.png in Resources */ = {isa = PBXBuildFile; fileRef = 8708223D21443BB300DD504C /* IMG_4772.png */; };
		87082246214492FC00DD504C /* native-stroke-render.png in Resources */ = {isa = PBXBuildFile; fileRef = 87082245214492FC00DD504C /* native-stroke-render.png */; };
		870822482144932300DD504C /* person.png in Resources */ = {isa = PBXBuildFile; fileRef = 870822472144932200DD504C /* person.png */; };
		8708224A2144940300DD504C /* ViewController.swift in Sources */ = {isa = PBXBuildFile; fileRef = 870822492144940200DD504C /* ViewController.swift */; };
		8708225F2144E02B00DD504C /* ios in Resources */ = {isa = PBXBuildFile; fileRef = 8708225E2144E02B00DD504C /* ios */; };
		87D49C9221439E95005A761F /* IMG_4768.PNG in Resources */ = {isa = PBXBuildFile; fileRef = 87D49C9121439E95005A761F /* IMG_4768.PNG */; };
		87D49C9821439F9E005A761F /* IMG_4769.PNG in Resources */ = {isa = PBXBuildFile; fileRef = 87D49C9721439F9E005A761F /* IMG_4769.PNG */; };
		87D49C9A2143A01E005A761F /* IMG_4770.PNG in Resources */ = {isa = PBXBuildFile; fileRef = 87D49C992143A01D005A761F /* IMG_4770.PNG */; };
		87D49C9C2143A090005A761F /* IMG_4771.PNG in Resources */ = {isa = PBXBuildFile; fileRef = 87D49C9B2143A090005A761F /* IMG_4771.PNG */; };
		87D5B47321440F2C0087BEB4 /* AddViewController.swift in Sources */ = {isa = PBXBuildFile; fileRef = 87D5B47221440F2C0087BEB4 /* AddViewController.swift */; };
		87E5A9162143603D006CAB9B /* AppDelegate.swift in Sources */ = {isa = PBXBuildFile; fileRef = 87E5A9152143603D006CAB9B /* AppDelegate.swift */; };
		87E5A9182143603D006CAB9B /* FirstViewController.swift in Sources */ = {isa = PBXBuildFile; fileRef = 87E5A9172143603D006CAB9B /* FirstViewController.swift */; };
		87E5A91A2143603D006CAB9B /* SecondViewController.swift in Sources */ = {isa = PBXBuildFile; fileRef = 87E5A9192143603D006CAB9B /* SecondViewController.swift */; };
		87E5A91D2143603D006CAB9B /* Main.storyboard in Resources */ = {isa = PBXBuildFile; fileRef = 87E5A91B2143603D006CAB9B /* Main.storyboard */; };
		87E5A91F2143603D006CAB9B /* Assets.xcassets in Resources */ = {isa = PBXBuildFile; fileRef = 87E5A91E2143603D006CAB9B /* Assets.xcassets */; };
		87E5A9222143603D006CAB9B /* LaunchScreen.storyboard in Resources */ = {isa = PBXBuildFile; fileRef = 87E5A9202143603D006CAB9B /* LaunchScreen.storyboard */; };
		89748A4038838312E6EAEFB4 /* Pods_pennapps.framework in Frameworks */ = {isa = PBXBuildFile; fileRef = 46F6F9A771F20FFA550C45DE /* Pods_pennapps.framework */; };
/* End PBXBuildFile section */

/* Begin PBXCopyFilesBuildPhase section */
		87D49CAC2143EFCA005A761F /* Embed Frameworks */ = {
			isa = PBXCopyFilesBuildPhase;
			buildActionMask = 2147483647;
			dstPath = "";
			dstSubfolderSpec = 10;
			files = (
			);
			name = "Embed Frameworks";
			runOnlyForDeploymentPostprocessing = 0;
		};
/* End PBXCopyFilesBuildPhase section */

/* Begin PBXFileReference section */
		46F6F9A771F20FFA550C45DE /* Pods_pennapps.framework */ = {isa = PBXFileReference; explicitFileType = wrapper.framework; includeInIndex = 0; path = Pods_pennapps.framework; sourceTree = BUILT_PRODUCTS_DIR; };
		4727F4FDC8E831A8AF153A94 /* Pods-pennapps.release.xcconfig */ = {isa = PBXFileReference; includeInIndex = 1; lastKnownFileType = text.xcconfig; name = "Pods-pennapps.release.xcconfig"; path = "Pods/Target Support Files/Pods-pennapps/Pods-pennapps.release.xcconfig"; sourceTree = "<group>"; };
		8708223D21443BB300DD504C /* IMG_4772.png */ = {isa = PBXFileReference; lastKnownFileType = image.png; name = IMG_4772.png; path = ../../../Downloads/IMG_4772.png; sourceTree = "<group>"; };
		87082245214492FC00DD504C /* native-stroke-render.png */ = {isa = PBXFileReference; lastKnownFileType = image.png; name = "native-stroke-render.png"; path = "../../../Downloads/native-stroke-render.png"; sourceTree = "<group>"; };
		870822472144932200DD504C /* person.png */ = {isa = PBXFileReference; lastKnownFileType = image.png; name = person.png; path = "../../../Downloads/Still-App-master/Still-EmergencyScreen/Still-EmergencyScreen/Assets.xcassets/person.imageset/person.png"; sourceTree = "<group>"; };
		870822492144940200DD504C /* ViewController.swift */ = {isa = PBXFileReference; fileEncoding = 4; lastKnownFileType = sourcecode.swift; name = ViewController.swift; path = "../../../Downloads/Still-App-master/Still-EmergencyScreen/Still-EmergencyScreen/ViewController.swift"; sourceTree = "<group>"; };
		8708225E2144E02B00DD504C /* ios */ = {isa = PBXFileReference; lastKnownFileType = folder; path = ios; sourceTree = "<group>"; };
		87D49C9121439E95005A761F /* IMG_4768.PNG */ = {isa = PBXFileReference; lastKnownFileType = image.png; path = IMG_4768.PNG; sourceTree = "<group>"; };
		87D49C9721439F9E005A761F /* IMG_4769.PNG */ = {isa = PBXFileReference; lastKnownFileType = image.png; path = IMG_4769.PNG; sourceTree = "<group>"; };
		87D49C992143A01D005A761F /* IMG_4770.PNG */ = {isa = PBXFileReference; lastKnownFileType = image.png; path = IMG_4770.PNG; sourceTree = "<group>"; };
		87D49C9B2143A090005A761F /* IMG_4771.PNG */ = {isa = PBXFileReference; lastKnownFileType = image.png; path = IMG_4771.PNG; sourceTree = "<group>"; };
		87D5B47221440F2C0087BEB4 /* AddViewController.swift */ = {isa = PBXFileReference; lastKnownFileType = sourcecode.swift; path = AddViewController.swift; sourceTree = "<group>"; };
		87E5A9122143603D006CAB9B /* pennapps.app */ = {isa = PBXFileReference; explicitFileType = wrapper.application; includeInIndex = 0; path = pennapps.app; sourceTree = BUILT_PRODUCTS_DIR; };
		87E5A9152143603D006CAB9B /* AppDelegate.swift */ = {isa = PBXFileReference; lastKnownFileType = sourcecode.swift; path = AppDelegate.swift; sourceTree = "<group>"; };
		87E5A9172143603D006CAB9B /* FirstViewController.swift */ = {isa = PBXFileReference; lastKnownFileType = sourcecode.swift; path = FirstViewController.swift; sourceTree = "<group>"; };
		87E5A9192143603D006CAB9B /* SecondViewController.swift */ = {isa = PBXFileReference; lastKnownFileType = sourcecode.swift; path = SecondViewController.swift; sourceTree = "<group>"; };
		87E5A91C2143603D006CAB9B /* Base */ = {isa = PBXFileReference; lastKnownFileType = file.storyboard; name = Base; path = Base.lproj/Main.storyboard; sourceTree = "<group>"; };
		87E5A91E2143603D006CAB9B /* Assets.xcassets */ = {isa = PBXFileReference; lastKnownFileType = folder.assetcatalog; path = Assets.xcassets; sourceTree = "<group>"; };
		87E5A9212143603D006CAB9B /* Base */ = {isa = PBXFileReference; lastKnownFileType = file.storyboard; name = Base; path = Base.lproj/LaunchScreen.storyboard; sourceTree = "<group>"; };
		87E5A9232143603D006CAB9B /* Info.plist */ = {isa = PBXFileReference; lastKnownFileType = text.plist.xml; path = Info.plist; sourceTree = "<group>"; };
		C9E6E0E7E62C76F769D7032D /* Pods-pennapps.debug.xcconfig */ = {isa = PBXFileReference; includeInIndex = 1; lastKnownFileType = text.xcconfig; name = "Pods-pennapps.debug.xcconfig"; path = "Pods/Target Support Files/Pods-pennapps/Pods-pennapps.debug.xcconfig"; sourceTree = "<group>"; };
/* End PBXFileReference section */

/* Begin PBXFrameworksBuildPhase section */
		87E5A90F2143603D006CAB9B /* Frameworks */ = {
			isa = PBXFrameworksBuildPhase;
			buildActionMask = 2147483647;
			files = (
				89748A4038838312E6EAEFB4 /* Pods_pennapps.framework in Frameworks */,
			);
			runOnlyForDeploymentPostprocessing = 0;
		};
/* End PBXFrameworksBuildPhase section */

/* Begin PBXGroup section */
		5633C41C600B8D5497EAE992 /* Frameworks */ = {
			isa = PBXGroup;
			children = (
				46F6F9A771F20FFA550C45DE /* Pods_pennapps.framework */,
			);
			name = Frameworks;
			sourceTree = "<group>";
		};
		87E5A9092143603D006CAB9B = {
			isa = PBXGroup;
			children = (
				87E5A9142143603D006CAB9B /* pennapps */,
				87E5A9132143603D006CAB9B /* Products */,
				F3CDA286595C01E320BE5AEA /* Pods */,
				5633C41C600B8D5497EAE992 /* Frameworks */,
			);
			sourceTree = "<group>";
		};
		87E5A9132143603D006CAB9B /* Products */ = {
			isa = PBXGroup;
			children = (
				87E5A9122143603D006CAB9B /* pennapps.app */,
			);
			name = Products;
			sourceTree = "<group>";
		};
		87E5A9142143603D006CAB9B /* pennapps */ = {
			isa = PBXGroup;
			children = (
				87E5A9152143603D006CAB9B /* AppDelegate.swift */,
				87E5A9172143603D006CAB9B /* FirstViewController.swift */,
				87E5A9192143603D006CAB9B /* SecondViewController.swift */,
				87E5A91B2143603D006CAB9B /* Main.storyboard */,
				87082245214492FC00DD504C /* native-stroke-render.png */,
				870822492144940200DD504C /* ViewController.swift */,
				870822472144932200DD504C /* person.png */,
				87D5B47221440F2C0087BEB4 /* AddViewController.swift */,
				87E5A91E2143603D006CAB9B /* Assets.xcassets */,
				87E5A9202143603D006CAB9B /* LaunchScreen.storyboard */,
				87E5A9232143603D006CAB9B /* Info.plist */,
				87D49C9121439E95005A761F /* IMG_4768.PNG */,
				87D49C9721439F9E005A761F /* IMG_4769.PNG */,
				87D49C992143A01D005A761F /* IMG_4770.PNG */,
				87D49C9B2143A090005A761F /* IMG_4771.PNG */,
				8708223D21443BB300DD504C /* IMG_4772.png */,
				8708225E2144E02B00DD504C /* ios */,
			);
			path = pennapps;
			sourceTree = "<group>";
		};
		F3CDA286595C01E320BE5AEA /* Pods */ = {
			isa = PBXGroup;
			children = (
				C9E6E0E7E62C76F769D7032D /* Pods-pennapps.debug.xcconfig */,
				4727F4FDC8E831A8AF153A94 /* Pods-pennapps.release.xcconfig */,
			);
			name = Pods;
			sourceTree = "<group>";
		};
/* End PBXGroup section */

/* Begin PBXNativeTarget section */
		87E5A9112143603D006CAB9B /* pennapps */ = {
			isa = PBXNativeTarget;
			buildConfigurationList = 87E5A9262143603D006CAB9B /* Build configuration list for PBXNativeTarget "pennapps" */;
			buildPhases = (
				502E63B2D62B126C73CB359A /* [CP] Check Pods Manifest.lock */,
				87E5A90E2143603D006CAB9B /* Sources */,
				87E5A90F2143603D006CAB9B /* Frameworks */,
				87E5A9102143603D006CAB9B /* Resources */,
				87D49CAC2143EFCA005A761F /* Embed Frameworks */,
				BAB2EB865AC06AF433D5EE3F /* [CP] Embed Pods Frameworks */,
			);
			buildRules = (
			);
			dependencies = (
			);
			name = pennapps;
			productName = pennapps;
			productReference = 87E5A9122143603D006CAB9B /* pennapps.app */;
			productType = "com.apple.product-type.application";
		};
/* End PBXNativeTarget section */

/* Begin PBXProject section */
		87E5A90A2143603D006CAB9B /* Project object */ = {
			isa = PBXProject;
			attributes = {
				LastSwiftUpdateCheck = 0920;
				LastUpgradeCheck = 0920;
				ORGANIZATIONNAME = "Jothi Ramaswamy";
				TargetAttributes = {
					87E5A9112143603D006CAB9B = {
						CreatedOnToolsVersion = 9.2;
						ProvisioningStyle = Automatic;
					};
				};
			};
			buildConfigurationList = 87E5A90D2143603D006CAB9B /* Build configuration list for PBXProject "pennapps" */;
			compatibilityVersion = "Xcode 8.0";
			developmentRegion = en;
			hasScannedForEncodings = 0;
			knownRegions = (
				en,
				Base,
			);
			mainGroup = 87E5A9092143603D006CAB9B;
			productRefGroup = 87E5A9132143603D006CAB9B /* Products */;
			projectDirPath = "";
			projectRoot = "";
			targets = (
				87E5A9112143603D006CAB9B /* pennapps */,
			);
		};
/* End PBXProject section */

/* Begin PBXResourcesBuildPhase section */
		87E5A9102143603D006CAB9B /* Resources */ = {
			isa = PBXResourcesBuildPhase;
			buildActionMask = 2147483647;
			files = (
				8708225F2144E02B00DD504C /* ios in Resources */,
				87D49C9C2143A090005A761F /* IMG_4771.PNG in Resources */,
				87D49C9221439E95005A761F /* IMG_4768.PNG in Resources */,
				87E5A9222143603D006CAB9B /* LaunchScreen.storyboard in Resources */,
				87082246214492FC00DD504C /* native-stroke-render.png in Resources */,
				87D49C9821439F9E005A761F /* IMG_4769.PNG in Resources */,
				870822482144932300DD504C /* person.png in Resources */,
				87D49C9A2143A01E005A761F /* IMG_4770.PNG in Resources */,
				87E5A91F2143603D006CAB9B /* Assets.xcassets in Resources */,
				87E5A91D2143603D006CAB9B /* Main.storyboard in Resources */,
				8708223F21443BB400DD504C /* IMG_4772.png in Resources */,
			);
			runOnlyForDeploymentPostprocessing = 0;
		};
/* End PBXResourcesBuildPhase section */

/* Begin PBXShellScriptBuildPhase section */
		502E63B2D62B126C73CB359A /* [CP] Check Pods Manifest.lock */ = {
			isa = PBXShellScriptBuildPhase;
			buildActionMask = 2147483647;
			files = (
			);
			inputPaths = (
				"${PODS_PODFILE_DIR_PATH}/Podfile.lock",
				"${PODS_ROOT}/Manifest.lock",
			);
			name = "[CP] Check Pods Manifest.lock";
			outputPaths = (
				"$(DERIVED_FILE_DIR)/Pods-pennapps-checkManifestLockResult.txt",
			);
			runOnlyForDeploymentPostprocessing = 0;
			shellPath = /bin/sh;
			shellScript = "diff \"${PODS_PODFILE_DIR_PATH}/Podfile.lock\" \"${PODS_ROOT}/Manifest.lock\" > /dev/null\nif [ $? != 0 ] ; then\n    # print error to STDERR\n    echo \"error: The sandbox is not in sync with the Podfile.lock. Run 'pod install' or update your CocoaPods installation.\" >&2\n    exit 1\nfi\n# This output is used by Xcode 'outputs' to avoid re-running this script phase.\necho \"SUCCESS\" > \"${SCRIPT_OUTPUT_FILE_0}\"\n";
			showEnvVarsInLog = 0;
		};
		BAB2EB865AC06AF433D5EE3F /* [CP] Embed Pods Frameworks */ = {
			isa = PBXShellScriptBuildPhase;
			buildActionMask = 2147483647;
			files = (
			);
			inputPaths = (
				"${SRCROOT}/Pods/Target Support Files/Pods-pennapps/Pods-pennapps-frameworks.sh",
				"${BUILT_PRODUCTS_DIR}/Charts/Charts.framework",
			);
			name = "[CP] Embed Pods Frameworks";
			outputPaths = (
				"${TARGET_BUILD_DIR}/${FRAMEWORKS_FOLDER_PATH}/Charts.framework",
			);
			runOnlyForDeploymentPostprocessing = 0;
			shellPath = /bin/sh;
			shellScript = "\"${SRCROOT}/Pods/Target Support Files/Pods-pennapps/Pods-pennapps-frameworks.sh\"\n";
			showEnvVarsInLog = 0;
		};
/* End PBXShellScriptBuildPhase section */

/* Begin PBXSourcesBuildPhase section */
		87E5A90E2143603D006CAB9B /* Sources */ = {
			isa = PBXSourcesBuildPhase;
			buildActionMask = 2147483647;
			files = (
				8708224A2144940300DD504C /* ViewController.swift in Sources */,
				87E5A91A2143603D006CAB9B /* SecondViewController.swift in Sources */,
				87E5A9162143603D006CAB9B /* AppDelegate.swift in Sources */,
				87D5B47321440F2C0087BEB4 /* AddViewController.swift in Sources */,
				87E5A9182143603D006CAB9B /* FirstViewController.swift in Sources */,
			);
			runOnlyForDeploymentPostprocessing = 0;
		};
/* End PBXSourcesBuildPhase section */

/* Begin PBXVariantGroup section */
		87E5A91B2143603D006CAB9B /* Main.storyboard */ = {
			isa = PBXVariantGroup;
			children = (
				87E5A91C2143603D006CAB9B /* Base */,
			);
			name = Main.storyboard;
			sourceTree = "<group>";
		};
		87E5A9202143603D006CAB9B /* LaunchScreen.storyboard */ = {
			isa = PBXVariantGroup;
			children = (
				87E5A9212143603D006CAB9B /* Base */,
			);
			name = LaunchScreen.storyboard;
			sourceTree = "<group>";
		};
/* End PBXVariantGroup section */

/* Begin XCBuildConfiguration section */
		87E5A9242143603D006CAB9B /* Debug */ = {
			isa = XCBuildConfiguration;
			buildSettings = {
				ALWAYS_SEARCH_USER_PATHS = NO;
				CLANG_ANALYZER_NONNULL = YES;
				CLANG_ANALYZER_NUMBER_OBJECT_CONVERSION = YES_AGGRESSIVE;
				CLANG_CXX_LANGUAGE_STANDARD = "gnu++14";
				CLANG_CXX_LIBRARY = "libc++";
				CLANG_ENABLE_MODULES = YES;
				CLANG_ENABLE_OBJC_ARC = YES;
				CLANG_WARN_BLOCK_CAPTURE_AUTORELEASING = YES;
				CLANG_WARN_BOOL_CONVERSION = YES;
				CLANG_WARN_COMMA = YES;
				CLANG_WARN_CONSTANT_CONVERSION = YES;
				CLANG_WARN_DIRECT_OBJC_ISA_USAGE = YES_ERROR;
				CLANG_WARN_DOCUMENTATION_COMMENTS = YES;
				CLANG_WARN_EMPTY_BODY = YES;
				CLANG_WARN_ENUM_CONVERSION = YES;
				CLANG_WARN_INFINITE_RECURSION = YES;
				CLANG_WARN_INT_CONVERSION = YES;
				CLANG_WARN_NON_LITERAL_NULL_CONVERSION = YES;
				CLANG_WARN_OBJC_LITERAL_CONVERSION = YES;
				CLANG_WARN_OBJC_ROOT_CLASS = YES_ERROR;
				CLANG_WARN_RANGE_LOOP_ANALYSIS = YES;
				CLANG_WARN_STRICT_PROTOTYPES = YES;
				CLANG_WARN_SUSPICIOUS_MOVE = YES;
				CLANG_WARN_UNGUARDED_AVAILABILITY = YES_AGGRESSIVE;
				CLANG_WARN_UNREACHABLE_CODE = YES;
				CLANG_WARN__DUPLICATE_METHOD_MATCH = YES;
				CODE_SIGN_IDENTITY = "iPhone Developer";
				COPY_PHASE_STRIP = NO;
				DEBUG_INFORMATION_FORMAT = dwarf;
				ENABLE_STRICT_OBJC_MSGSEND = YES;
				ENABLE_TESTABILITY = YES;
				GCC_C_LANGUAGE_STANDARD = gnu11;
				GCC_DYNAMIC_NO_PIC = NO;
				GCC_NO_COMMON_BLOCKS = YES;
				GCC_OPTIMIZATION_LEVEL = 0;
				GCC_PREPROCESSOR_DEFINITIONS = (
					"DEBUG=1",
					"$(inherited)",
				);
				GCC_WARN_64_TO_32_BIT_CONVERSION = YES;
				GCC_WARN_ABOUT_RETURN_TYPE = YES_ERROR;
				GCC_WARN_UNDECLARED_SELECTOR = YES;
				GCC_WARN_UNINITIALIZED_AUTOS = YES_AGGRESSIVE;
				GCC_WARN_UNUSED_FUNCTION = YES;
				GCC_WARN_UNUSED_VARIABLE = YES;
				IPHONEOS_DEPLOYMENT_TARGET = 11.2;
				MTL_ENABLE_DEBUG_INFO = YES;
				ONLY_ACTIVE_ARCH = YES;
				SDKROOT = iphoneos;
				SWIFT_ACTIVE_COMPILATION_CONDITIONS = DEBUG;
				SWIFT_OPTIMIZATION_LEVEL = "-Onone";
			};
			name = Debug;
		};
		87E5A9252143603D006CAB9B /* Release */ = {
			isa = XCBuildConfiguration;
			buildSettings = {
				ALWAYS_SEARCH_USER_PATHS = NO;
				CLANG_ANALYZER_NONNULL = YES;
				CLANG_ANALYZER_NUMBER_OBJECT_CONVERSION = YES_AGGRESSIVE;
				CLANG_CXX_LANGUAGE_STANDARD = "gnu++14";
				CLANG_CXX_LIBRARY = "libc++";
				CLANG_ENABLE_MODULES = YES;
				CLANG_ENABLE_OBJC_ARC = YES;
				CLANG_WARN_BLOCK_CAPTURE_AUTORELEASING = YES;
				CLANG_WARN_BOOL_CONVERSION = YES;
				CLANG_WARN_COMMA = YES;
				CLANG_WARN_CONSTANT_CONVERSION = YES;
				CLANG_WARN_DIRECT_OBJC_ISA_USAGE = YES_ERROR;
				CLANG_WARN_DOCUMENTATION_COMMENTS = YES;
				CLANG_WARN_EMPTY_BODY = YES;
				CLANG_WARN_ENUM_CONVERSION = YES;
				CLANG_WARN_INFINITE_RECURSION = YES;
				CLANG_WARN_INT_CONVERSION = YES;
				CLANG_WARN_NON_LITERAL_NULL_CONVERSION = YES;
				CLANG_WARN_OBJC_LITERAL_CONVERSION = YES;
				CLANG_WARN_OBJC_ROOT_CLASS = YES_ERROR;
				CLANG_WARN_RANGE_LOOP_ANALYSIS = YES;
				CLANG_WARN_STRICT_PROTOTYPES = YES;
				CLANG_WARN_SUSPICIOUS_MOVE = YES;
				CLANG_WARN_UNGUARDED_AVAILABILITY = YES_AGGRESSIVE;
				CLANG_WARN_UNREACHABLE_CODE = YES;
				CLANG_WARN__DUPLICATE_METHOD_MATCH = YES;
				CODE_SIGN_IDENTITY = "iPhone Developer";
				COPY_PHASE_STRIP = NO;
				DEBUG_INFORMATION_FORMAT = "dwarf-with-dsym";
				ENABLE_NS_ASSERTIONS = NO;
				ENABLE_STRICT_OBJC_MSGSEND = YES;
				GCC_C_LANGUAGE_STANDARD = gnu11;
				GCC_NO_COMMON_BLOCKS = YES;
				GCC_WARN_64_TO_32_BIT_CONVERSION = YES;
				GCC_WARN_ABOUT_RETURN_TYPE = YES_ERROR;
				GCC_WARN_UNDECLARED_SELECTOR = YES;
				GCC_WARN_UNINITIALIZED_AUTOS = YES_AGGRESSIVE;
				GCC_WARN_UNUSED_FUNCTION = YES;
				GCC_WARN_UNUSED_VARIABLE = YES;
				IPHONEOS_DEPLOYMENT_TARGET = 11.2;
				MTL_ENABLE_DEBUG_INFO = NO;
				SDKROOT = iphoneos;
				SWIFT_OPTIMIZATION_LEVEL = "-Owholemodule";
				VALIDATE_PRODUCT = YES;
			};
			name = Release;
		};
		87E5A9272143603D006CAB9B /* Debug */ = {
			isa = XCBuildConfiguration;
			baseConfigurationReference = C9E6E0E7E62C76F769D7032D /* Pods-pennapps.debug.xcconfig */;
			buildSettings = {
				ALWAYS_EMBED_SWIFT_STANDARD_LIBRARIES = YES;
				ASSETCATALOG_COMPILER_APPICON_NAME = AppIcon;
				CODE_SIGN_STYLE = Automatic;
				DEVELOPMENT_TEAM = 5EAY39XXBE;
				FRAMEWORK_SEARCH_PATHS = (
					"$(inherited)",
					"$(PROJECT_DIR)",
				);
				INFOPLIST_FILE = pennapps/Info.plist;
				LD_RUNPATH_SEARCH_PATHS = "$(inherited) @executable_path/Frameworks";
				PRODUCT_BUNDLE_IDENTIFIER = com.jothiramaswamy.pennapps;
				PRODUCT_NAME = "$(TARGET_NAME)";
				SWIFT_VERSION = 4.0;
				TARGETED_DEVICE_FAMILY = "1,2";
			};
			name = Debug;
		};
		87E5A9282143603D006CAB9B /* Release */ = {
			isa = XCBuildConfiguration;
			baseConfigurationReference = 4727F4FDC8E831A8AF153A94 /* Pods-pennapps.release.xcconfig */;
			buildSettings = {
				ALWAYS_EMBED_SWIFT_STANDARD_LIBRARIES = YES;
				ASSETCATALOG_COMPILER_APPICON_NAME = AppIcon;
				CODE_SIGN_STYLE = Automatic;
				DEVELOPMENT_TEAM = 5EAY39XXBE;
				FRAMEWORK_SEARCH_PATHS = (
					"$(inherited)",
					"$(PROJECT_DIR)",
				);
				INFOPLIST_FILE = pennapps/Info.plist;
				LD_RUNPATH_SEARCH_PATHS = "$(inherited) @executable_path/Frameworks";
				PRODUCT_BUNDLE_IDENTIFIER = com.jothiramaswamy.pennapps;
				PRODUCT_NAME = "$(TARGET_NAME)";
				SWIFT_VERSION = 4.0;
				TARGETED_DEVICE_FAMILY = "1,2";
			};
			name = Release;
		};
/* End XCBuildConfiguration section */

/* Begin XCConfigurationList section */
		87E5A90D2143603D006CAB9B /* Build configuration list for PBXProject "pennapps" */ = {
			isa = XCConfigurationList;
			buildConfigurations = (
				87E5A9242143603D006CAB9B /* Debug */,
				87E5A9252143603D006CAB9B /* Release */,
			);
			defaultConfigurationIsVisible = 0;
			defaultConfigurationName = Release;
		};
		87E5A9262143603D006CAB9B /* Build configuration list for PBXNativeTarget "pennapps" */ = {
			isa = XCConfigurationList;
			buildConfigurations = (
				87E5A9272143603D006CAB9B /* Debug */,
				87E5A9282143603D006CAB9B /* Release */,
			);
			defaultConfigurationIsVisible = 0;
			defaultConfigurationName = Release;
		};
/* End XCConfigurationList section */
	};
	rootObject = 87E5A90A2143603D006CAB9B /* Project object */;
}
